
Microsoft Visual Studio Solution File, Format Version 12.00
# Visual Studio Version 17
VisualStudioVersion = 17.2.32630.192
MinimumVisualStudioVersion = 10.0.40219.1
Project("{FAE04EC0-301F-11D3-BF4B-00C04F79EFBC}") = "QuizAppAPI", "QuizAppAPI\QuizAppAPI.csproj", "{D9FAB2B7-B071-4A8B-8469-96291EE97E4B}"
EndProject
Global
	GlobalSection(SolutionConfigurationPlatforms) = preSolution
		Debug|Any CPU = Debug|Any CPU
		Release|Any CPU = Release|Any CPU
	EndGlobalSection
	GlobalSection(ProjectConfigurationPlatforms) = postSolution
		{D9FAB2B7-B071-4A8B-8469-96291EE97E4B}.Debug|Any CPU.ActiveCfg = Debug|Any CPU
		{D9FAB2B7-B071-4A8B-8469-96291EE97E4B}.Debug|Any CPU.Build.0 = Debug|Any CPU
		{D9FAB2B7-B071-4A8B-8469-96291EE97E4B}.Release|Any CPU.ActiveCfg = Release|Any CPU
		{D9FAB2B7-B071-4A8B-8469-96291EE97E4B}.Release|Any CPU.Build.0 = Release|Any CPU
	EndGlobalSection
	GlobalSection(SolutionProperties) = preSolution
		HideSolutionNode = FALSE
	EndGlobalSection
	GlobalSection(ExtensibilityGlobals) = postSolution
		SolutionGuid = {7E010A98-2E1D-4BF2-BBC4-705A21131444}
	EndGlobalSection
EndGlobal
